
Microsoft Visual Studio Solution File, Format Version 12.00
# Visual Studio 15
Project("{FAE04EC0-301F-11D3-BF4B-00C04F79EFBC}") = "AstarPathfindingProject", "AstarPathfindingProject.csproj", "{4EED8B51-9E15-8E84-CAE1-99DB06C91FE3}"
EndProject
Project("{FAE04EC0-301F-11D3-BF4B-00C04F79EFBC}") = "Assembly-CSharp", "Assembly-CSharp.csproj", "{9855B401-DD6F-B28E-7898-12EBE99E494A}"
EndProject
Project("{FAE04EC0-301F-11D3-BF4B-00C04F79EFBC}") = "AstarPathfindingProjectEditor", "AstarPathfindingProjectEditor.csproj", "{75CCA32E-CA8B-C976-8ABF-2AFC97112288}"
EndProject
Project("{FAE04EC0-301F-11D3-BF4B-00C04F79EFBC}") = "PackageToolsEditor", "PackageToolsEditor.csproj", "{483D500E-80CC-D972-6D64-6C4BE69CAFFA}"
EndProject
Project("{FAE04EC0-301F-11D3-BF4B-00C04F79EFBC}") = "Assembly-CSharp-Editor", "Assembly-CSharp-Editor.csproj", "{309D6D85-4731-4B37-EC8C-1B3D49389A5F}"
EndProject
Global
	GlobalSection(SolutionConfigurationPlatforms) = preSolution
		Debug|Any CPU = Debug|Any CPU
		Release|Any CPU = Release|Any CPU
	EndGlobalSection
	GlobalSection(ProjectConfigurationPlatforms) = postSolution
		{4EED8B51-9E15-8E84-CAE1-99DB06C91FE3}.Debug|Any CPU.ActiveCfg = Debug|Any CPU
		{4EED8B51-9E15-8E84-CAE1-99DB06C91FE3}.Debug|Any CPU.Build.0 = Debug|Any CPU
		{4EED8B51-9E15-8E84-CAE1-99DB06C91FE3}.Release|Any CPU.ActiveCfg = Release|Any CPU
		{4EED8B51-9E15-8E84-CAE1-99DB06C91FE3}.Release|Any CPU.Build.0 = Release|Any CPU
		{9855B401-DD6F-B28E-7898-12EBE99E494A}.Debug|Any CPU.ActiveCfg = Debug|Any CPU
		{9855B401-DD6F-B28E-7898-12EBE99E494A}.Debug|Any CPU.Build.0 = Debug|Any CPU
		{9855B401-DD6F-B28E-7898-12EBE99E494A}.Release|Any CPU.ActiveCfg = Release|Any CPU
		{9855B401-DD6F-B28E-7898-12EBE99E494A}.Release|Any CPU.Build.0 = Release|Any CPU
		{75CCA32E-CA8B-C976-8ABF-2AFC97112288}.Debug|Any CPU.ActiveCfg = Debug|Any CPU
		{75CCA32E-CA8B-C976-8ABF-2AFC97112288}.Debug|Any CPU.Build.0 = Debug|Any CPU
		{75CCA32E-CA8B-C976-8ABF-2AFC97112288}.Release|Any CPU.ActiveCfg = Release|Any CPU
		{75CCA32E-CA8B-C976-8ABF-2AFC97112288}.Release|Any CPU.Build.0 = Release|Any CPU
		{483D500E-80CC-D972-6D64-6C4BE69CAFFA}.Debug|Any CPU.ActiveCfg = Debug|Any CPU
		{483D500E-80CC-D972-6D64-6C4BE69CAFFA}.Debug|Any CPU.Build.0 = Debug|Any CPU
		{483D500E-80CC-D972-6D64-6C4BE69CAFFA}.Release|Any CPU.ActiveCfg = Release|Any CPU
		{483D500E-80CC-D972-6D64-6C4BE69CAFFA}.Release|Any CPU.Build.0 = Release|Any CPU
		{309D6D85-4731-4B37-EC8C-1B3D49389A5F}.Debug|Any CPU.ActiveCfg = Debug|Any CPU
		{309D6D85-4731-4B37-EC8C-1B3D49389A5F}.Debug|Any CPU.Build.0 = Debug|Any CPU
		{309D6D85-4731-4B37-EC8C-1B3D49389A5F}.Release|Any CPU.ActiveCfg = Release|Any CPU
		{309D6D85-4731-4B37-EC8C-1B3D49389A5F}.Release|Any CPU.Build.0 = Release|Any CPU
	EndGlobalSection
	GlobalSection(SolutionProperties) = preSolution
		HideSolutionNode = FALSE
	EndGlobalSection
EndGlobal
